{
  "name": "meta-jam",
  "version": "1.0.0",
  "lockfileVersion": 1,
  "requires": true,
  "dependencies": {
    "bindings": {
      "version": "1.2.1",
      "resolved": "https://registry.npmjs.org/bindings/-/bindings-1.2.1.tgz",
      "integrity": "sha1-FK1hE4EtLTfXLme0ystLtyZQXxE=",
      "dev": true
    },
    "dnssd": {
      "version": "0.4.1",
      "resolved": "https://registry.npmjs.org/dnssd/-/dnssd-0.4.1.tgz",
      "integrity": "sha512-mEz5Ii+o+k3kYHTXY6fTLOjCwraX8TQowIgUySAbEYuGqtSMbfBc/tvDZ8wGPywnmlLE6/XeXi6qPcAKVTvPUQ==",
      "dev": true
    },
    "midi": {
      "version": "0.9.5",
      "resolved": "https://registry.npmjs.org/midi/-/midi-0.9.5.tgz",
      "integrity": "sha1-/DI6/z6BsNQJnK7q1TW6Z5xunYg=",
      "dev": true,
      "requires": {
        "bindings": "~1.2.1",
        "nan": "^2.3.3"
      }
    },
    "midi-common": {
      "version": "0.0.4",
      "resolved": "https://registry.npmjs.org/midi-common/-/midi-common-0.0.4.tgz",
      "integrity": "sha1-OC6/3wXh4oMAutER6a1fB6gf7HI=",
      "dev": true
    },
    "nan": {
      "version": "2.12.1",
      "resolved": "https://registry.npmjs.org/nan/-/nan-2.12.1.tgz",
      "integrity": "sha512-JY7V6lRkStKcKTvHO5NVSQRv+RV+FIL5pvDoLiAtSL9pKlC5x9PKQcZDsq7m4FO4d57mkhC6Z+QhAh3Jdk5JFw==",
      "dev": true
    },
    "rtpmidi": {
      "version": "git://github.com/cellularatomaton/node-rtpmidi.git#c808b7c1bbcea97659538ae9fd3e924dbcc40b76",
      "from": "git://github.com/cellularatomaton/node-rtpmidi.git",
      "dev": true,
      "requires": {
        "dnssd": "^0.4.1",
        "midi": "^0.9.5",
        "midi-common": "*"
      }
    }
  }
}
